// !$*UTF8*$!
{
	archiveVersion = 1;
	classes = {
	};
	objectVersion = 46;
	objects = {

/* Begin PBXBuildFile section */
		A0E9AE5E1D30A4D500544CC8 /* AppDelegate.swift in Sources */ = {isa = PBXBuildFile; fileRef = A0E9AE5D1D30A4D500544CC8 /* AppDelegate.swift */; };
		A0E9AE601D30A4D500544CC8 /* ViewController.swift in Sources */ = {isa = PBXBuildFile; fileRef = A0E9AE5F1D30A4D500544CC8 /* ViewController.swift */; };
		A0E9AE631D30A4D500544CC8 /* Main.storyboard in Resources */ = {isa = PBXBuildFile; fileRef = A0E9AE611D30A4D500544CC8 /* Main.storyboard */; };
		A0E9AE651D30A4D500544CC8 /* Assets.xcassets in Resources */ = {isa = PBXBuildFile; fileRef = A0E9AE641D30A4D500544CC8 /* Assets.xcassets */; };
		A0E9AE681D30A4D500544CC8 /* LaunchScreen.storyboard in Resources */ = {isa = PBXBuildFile; fileRef = A0E9AE661D30A4D500544CC8 /* LaunchScreen.storyboard */; };
		A0E9AE731D30A4D500544CC8 /* one_hundred_itemsTests.swift in Sources */ = {isa = PBXBuildFile; fileRef = A0E9AE721D30A4D500544CC8 /* one_hundred_itemsTests.swift */; };
/* End PBXBuildFile section */

/* Begin PBXContainerItemProxy section */
		A0E9AE6F1D30A4D500544CC8 /* PBXContainerItemProxy */ = {
			isa = PBXContainerItemProxy;
			containerPortal = A0E9AE521D30A4D500544CC8 /* Project object */;
			proxyType = 1;
			remoteGlobalIDString = A0E9AE591D30A4D500544CC8;
			remoteInfo = "one-hundred-items";
		};
/* End PBXContainerItemProxy section */

/* Begin PBXFileReference section */
		A0E9AE5A1D30A4D500544CC8 /* one-hundred-items.app */ = {isa = PBXFileReference; explicitFileType = wrapper.application; includeInIndex = 0; path = "one-hundred-items.app"; sourceTree = BUILT_PRODUCTS_DIR; };
		A0E9AE5D1D30A4D500544CC8 /* AppDelegate.swift */ = {isa = PBXFileReference; lastKnownFileType = sourcecode.swift; path = AppDelegate.swift; sourceTree = "<group>"; };
		A0E9AE5F1D30A4D500544CC8 /* ViewController.swift */ = {isa = PBXFileReference; lastKnownFileType = sourcecode.swift; path = ViewController.swift; sourceTree = "<group>"; };
		A0E9AE621D30A4D500544CC8 /* Base */ = {isa = PBXFileReference; lastKnownFileType = file.storyboard; name = Base; path = Base.lproj/Main.storyboard; sourceTree = "<group>"; };
		A0E9AE641D30A4D500544CC8 /* Assets.xcassets */ = {isa = PBXFileReference; lastKnownFileType = folder.assetcatalog; path = Assets.xcassets; sourceTree = "<group>"; };
		A0E9AE671D30A4D500544CC8 /* Base */ = {isa = PBXFileReference; lastKnownFileType = file.storyboard; name = Base; path = Base.lproj/LaunchScreen.storyboard; sourceTree = "<group>"; };
		A0E9AE691D30A4D500544CC8 /* Info.plist */ = {isa = PBXFileReference; lastKnownFileType = text.plist.xml; path = Info.plist; sourceTree = "<group>"; };
		A0E9AE6E1D30A4D500544CC8 /* one-hundred-itemsTests.xctest */ = {isa = PBXFileReference; explicitFileType = wrapper.cfbundle; includeInIndex = 0; path = "one-hundred-itemsTests.xctest"; sourceTree = BUILT_PRODUCTS_DIR; };
		A0E9AE721D30A4D500544CC8 /* one_hundred_itemsTests.swift */ = {isa = PBXFileReference; lastKnownFileType = sourcecode.swift; path = one_hundred_itemsTests.swift; sourceTree = "<group>"; };
		A0E9AE741D30A4D500544CC8 /* Info.plist */ = {isa = PBXFileReference; lastKnownFileType = text.plist.xml; path = Info.plist; sourceTree = "<group>"; };
/* End PBXFileReference section */

/* Begin PBXFrameworksBuildPhase section */
		A0E9AE571D30A4D500544CC8 /* Frameworks */ = {
			isa = PBXFrameworksBuildPhase;
			buildActionMask = 2147483647;
			files = (
			);
			runOnlyForDeploymentPostprocessing = 0;
		};
		A0E9AE6B1D30A4D500544CC8 /* Frameworks */ = {
			isa = PBXFrameworksBuildPhase;
			buildActionMask = 2147483647;
			files = (
			);
			runOnlyForDeploymentPostprocessing = 0;
		};
/* End PBXFrameworksBuildPhase section */

/* Begin PBXGroup section */
		A0E9AE511D30A4D500544CC8 = {
			isa = PBXGroup;
			children = (
				A0E9AE5C1D30A4D500544CC8 /* one-hundred-items */,
				A0E9AE711D30A4D500544CC8 /* one-hundred-itemsTests */,
				A0E9AE5B1D30A4D500544CC8 /* Products */,
			);
			sourceTree = "<group>";
		};
		A0E9AE5B1D30A4D500544CC8 /* Products */ = {
			isa = PBXGroup;
			children = (
				A0E9AE5A1D30A4D500544CC8 /* one-hundred-items.app */,
				A0E9AE6E1D30A4D500544CC8 /* one-hundred-itemsTests.xctest */,
			);
			name = Products;
			sourceTree = "<group>";
		};
		A0E9AE5C1D30A4D500544CC8 /* one-hundred-items */ = {
			isa = PBXGroup;
			children = (
				A0E9AE5D1D30A4D500544CC8 /* AppDelegate.swift */,
				A0E9AE5F1D30A4D500544CC8 /* ViewController.swift */,
				A0E9AE611D30A4D500544CC8 /* Main.storyboard */,
				A0E9AE641D30A4D500544CC8 /* Assets.xcassets */,
				A0E9AE661D30A4D500544CC8 /* LaunchScreen.storyboard */,
				A0E9AE691D30A4D500544CC8 /* Info.plist */,
			);
			path = "one-hundred-items";
			sourceTree = "<group>";
		};
		A0E9AE711D30A4D500544CC8 /* one-hundred-itemsTests */ = {
			isa = PBXGroup;
			children = (
				A0E9AE721D30A4D500544CC8 /* one_hundred_itemsTests.swift */,
				A0E9AE741D30A4D500544CC8 /* Info.plist */,
			);
			path = "one-hundred-itemsTests";
			sourceTree = "<group>";
		};
/* End PBXGroup section */

/* Begin PBXNativeTarget section */
		A0E9AE591D30A4D500544CC8 /* one-hundred-items */ = {
			isa = PBXNativeTarget;
			buildConfigurationList = A0E9AE771D30A4D500544CC8 /* Build configuration list for PBXNativeTarget "one-hundred-items" */;
			buildPhases = (
				A0E9AE561D30A4D500544CC8 /* Sources */,
				A0E9AE571D30A4D500544CC8 /* Frameworks */,
				A0E9AE581D30A4D500544CC8 /* Resources */,
			);
			buildRules = (
			);
			dependencies = (
			);
			name = "one-hundred-items";
			productName = "one-hundred-items";
			productReference = A0E9AE5A1D30A4D500544CC8 /* one-hundred-items.app */;
			productType = "com.apple.product-type.application";
		};
		A0E9AE6D1D30A4D500544CC8 /* one-hundred-itemsTests */ = {
			isa = PBXNativeTarget;
			buildConfigurationList = A0E9AE7A1D30A4D500544CC8 /* Build configuration list for PBXNativeTarget "one-hundred-itemsTests" */;
			buildPhases = (
				A0E9AE6A1D30A4D500544CC8 /* Sources */,
				A0E9AE6B1D30A4D500544CC8 /* Frameworks */,
				A0E9AE6C1D30A4D500544CC8 /* Resources */,
			);
			buildRules = (
			);
			dependencies = (
				A0E9AE701D30A4D500544CC8 /* PBXTargetDependency */,
			);
			name = "one-hundred-itemsTests";
			productName = "one-hundred-itemsTests";
			productReference = A0E9AE6E1D30A4D500544CC8 /* one-hundred-itemsTests.xctest */;
			productType = "com.apple.product-type.bundle.unit-test";
		};
/* End PBXNativeTarget section */

/* Begin PBXProject section */
		A0E9AE521D30A4D500544CC8 /* Project object */ = {
			isa = PBXProject;
			attributes = {
				LastSwiftUpdateCheck = 0730;
				LastUpgradeCheck = 0730;
				ORGANIZATIONNAME = "Adrian Padua";
				TargetAttributes = {
					A0E9AE591D30A4D500544CC8 = {
						CreatedOnToolsVersion = 7.3.1;
					};
					A0E9AE6D1D30A4D500544CC8 = {
						CreatedOnToolsVersion = 7.3.1;
						TestTargetID = A0E9AE591D30A4D500544CC8;
					};
				};
			};
			buildConfigurationList = A0E9AE551D30A4D500544CC8 /* Build configuration list for PBXProject "one-hundred-items" */;
			compatibilityVersion = "Xcode 3.2";
			developmentRegion = English;
			hasScannedForEncodings = 0;
			knownRegions = (
				en,
				Base,
			);
			mainGroup = A0E9AE511D30A4D500544CC8;
			productRefGroup = A0E9AE5B1D30A4D500544CC8 /* Products */;
			projectDirPath = "";
			projectRoot = "";
			targets = (
				A0E9AE591D30A4D500544CC8 /* one-hundred-items */,
				A0E9AE6D1D30A4D500544CC8 /* one-hundred-itemsTests */,
			);
		};
/* End PBXProject section */

/* Begin PBXResourcesBuildPhase section */
		A0E9AE581D30A4D500544CC8 /* Resources */ = {
			isa = PBXResourcesBuildPhase;
			buildActionMask = 2147483647;
			files = (
				A0E9AE681D30A4D500544CC8 /* LaunchScreen.storyboard in Resources */,
				A0E9AE651D30A4D500544CC8 /* Assets.xcassets in Resources */,
				A0E9AE631D30A4D500544CC8 /* Main.storyboard in Resources */,
			);
			runOnlyForDeploymentPostprocessing = 0;
		};
		A0E9AE6C1D30A4D500544CC8 /* Resources */ = {
			isa = PBXResourcesBuildPhase;
			buildActionMask = 2147483647;
			files = (
			);
			runOnlyForDeploymentPostprocessing = 0;
		};
/* End PBXResourcesBuildPhase section */

/* Begin PBXSourcesBuildPhase section */
		A0E9AE561D30A4D500544CC8 /* Sources */ = {
			isa = PBXSourcesBuildPhase;
			buildActionMask = 2147483647;
			files = (
				A0E9AE601D30A4D500544CC8 /* ViewController.swift in Sources */,
				A0E9AE5E1D30A4D500544CC8 /* AppDelegate.swift in Sources */,
			);
			runOnlyForDeploymentPostprocessing = 0;
		};
		A0E9AE6A1D30A4D500544CC8 /* Sources */ = {
			isa = PBXSourcesBuildPhase;
			buildActionMask = 2147483647;
			files = (
				A0E9AE731D30A4D500544CC8 /* one_hundred_itemsTests.swift in Sources */,
			);
			runOnlyForDeploymentPostprocessing = 0;
		};
/* End PBXSourcesBuildPhase section */

/* Begin PBXTargetDependency section */
		A0E9AE701D30A4D500544CC8 /* PBXTargetDependency */ = {
			isa = PBXTargetDependency;
			target = A0E9AE591D30A4D500544CC8 /* one-hundred-items */;
			targetProxy = A0E9AE6F1D30A4D500544CC8 /* PBXContainerItemProxy */;
		};
/* End PBXTargetDependency section */

/* Begin PBXVariantGroup section */
		A0E9AE611D30A4D500544CC8 /* Main.storyboard */ = {
			isa = PBXVariantGroup;
			children = (
				A0E9AE621D30A4D500544CC8 /* Base */,
			);
			name = Main.storyboard;
			sourceTree = "<group>";
		};
		A0E9AE661D30A4D500544CC8 /* LaunchScreen.storyboard */ = {
			isa = PBXVariantGroup;
			children = (
				A0E9AE671D30A4D500544CC8 /* Base */,
			);
			name = LaunchScreen.storyboard;
			sourceTree = "<group>";
		};
/* End PBXVariantGroup section */

/* Begin XCBuildConfiguration section */
		A0E9AE751D30A4D500544CC8 /* Debug */ = {
			isa = XCBuildConfiguration;
			buildSettings = {
				ALWAYS_SEARCH_USER_PATHS = NO;
				CLANG_ANALYZER_NONNULL = YES;
				CLANG_CXX_LANGUAGE_STANDARD = "gnu++0x";
				CLANG_CXX_LIBRARY = "libc++";
				CLANG_ENABLE_MODULES = YES;
				CLANG_ENABLE_OBJC_ARC = YES;
				CLANG_WARN_BOOL_CONVERSION = YES;
				CLANG_WARN_CONSTANT_CONVERSION = YES;
				CLANG_WARN_DIRECT_OBJC_ISA_USAGE = YES_ERROR;
				CLANG_WARN_EMPTY_BODY = YES;
				CLANG_WARN_ENUM_CONVERSION = YES;
				CLANG_WARN_INT_CONVERSION = YES;
				CLANG_WARN_OBJC_ROOT_CLASS = YES_ERROR;
				CLANG_WARN_UNREACHABLE_CODE = YES;
				CLANG_WARN__DUPLICATE_METHOD_MATCH = YES;
				"CODE_SIGN_IDENTITY[sdk=iphoneos*]" = "iPhone Developer";
				COPY_PHASE_STRIP = NO;
				DEBUG_INFORMATION_FORMAT = dwarf;
				ENABLE_STRICT_OBJC_MSGSEND = YES;
				ENABLE_TESTABILITY = YES;
				GCC_C_LANGUAGE_STANDARD = gnu99;
				GCC_DYNAMIC_NO_PIC = NO;
				GCC_NO_COMMON_BLOCKS = YES;
				GCC_OPTIMIZATION_LEVEL = 0;
				GCC_PREPROCESSOR_DEFINITIONS = (
					"DEBUG=1",
					"$(inherited)",
				);
				GCC_WARN_64_TO_32_BIT_CONVERSION = YES;
				GCC_WARN_ABOUT_RETURN_TYPE = YES_ERROR;
				GCC_WARN_UNDECLARED_SELECTOR = YES;
				GCC_WARN_UNINITIALIZED_AUTOS = YES_AGGRESSIVE;
				GCC_WARN_UNUSED_FUNCTION = YES;
				GCC_WARN_UNUSED_VARIABLE = YES;
				IPHONEOS_DEPLOYMENT_TARGET = 9.3;
				MTL_ENABLE_DEBUG_INFO = YES;
				ONLY_ACTIVE_ARCH = YES;
				SDKROOT = iphoneos;
				SWIFT_OPTIMIZATION_LEVEL = "-Onone";
				TARGETED_DEVICE_FAMILY = "1,2";
			};
			name = Debug;
		};
		A0E9AE761D30A4D500544CC8 /* Release */ = {
			isa = XCBuildConfiguration;
			buildSettings = {
				ALWAYS_SEARCH_USER_PATHS = NO;
				CLANG_ANALYZER_NONNULL = YES;
				CLANG_CXX_LANGUAGE_STANDARD = "gnu++0x";
				CLANG_CXX_LIBRARY = "libc++";
				CLANG_ENABLE_MODULES = YES;
				CLANG_ENABLE_OBJC_ARC = YES;
				CLANG_WARN_BOOL_CONVERSION = YES;
				CLANG_WARN_CONSTANT_CONVERSION = YES;
				CLANG_WARN_DIRECT_OBJC_ISA_USAGE = YES_ERROR;
				CLANG_WARN_EMPTY_BODY = YES;
				CLANG_WARN_ENUM_CONVERSION = YES;
				CLANG_WARN_INT_CONVERSION = YES;
				CLANG_WARN_OBJC_ROOT_CLASS = YES_ERROR;
				CLANG_WARN_UNREACHABLE_CODE = YES;
				CLANG_WARN__DUPLICATE_METHOD_MATCH = YES;
				"CODE_SIGN_IDENTITY[sdk=iphoneos*]" = "iPhone Developer";
				COPY_PHASE_STRIP = NO;
				DEBUG_INFORMATION_FORMAT = "dwarf-with-dsym";
				ENABLE_NS_ASSERTIONS = NO;
				ENABLE_STRICT_OBJC_MSGSEND = YES;
				GCC_C_LANGUAGE_STANDARD = gnu99;
				GCC_NO_COMMON_BLOCKS = YES;
				GCC_WARN_64_TO_32_BIT_CONVERSION = YES;
				GCC_WARN_ABOUT_RETURN_TYPE = YES_ERROR;
				GCC_WARN_UNDECLARED_SELECTOR = YES;
				GCC_WARN_UNINITIALIZED_AUTOS = YES_AGGRESSIVE;
				GCC_WARN_UNUSED_FUNCTION = YES;
				GCC_WARN_UNUSED_VARIABLE = YES;
				IPHONEOS_DEPLOYMENT_TARGET = 9.3;
				MTL_ENABLE_DEBUG_INFO = NO;
				SDKROOT = iphoneos;
				TARGETED_DEVICE_FAMILY = "1,2";
				VALIDATE_PRODUCT = YES;
			};
			name = Release;
		};
		A0E9AE781D30A4D500544CC8 /* Debug */ = {
			isa = XCBuildConfiguration;
			buildSettings = {
				ASSETCATALOG_COMPILER_APPICON_NAME = AppIcon;
				INFOPLIST_FILE = "one-hundred-items/Info.plist";
				LD_RUNPATH_SEARCH_PATHS = "$(inherited) @executable_path/Frameworks";
				PRODUCT_BUNDLE_IDENTIFIER = "com.adrpadua.one-hundred-items";
				PRODUCT_NAME = "$(TARGET_NAME)";
			};
			name = Debug;
		};
		A0E9AE791D30A4D500544CC8 /* Release */ = {
			isa = XCBuildConfiguration;
			buildSettings = {
				ASSETCATALOG_COMPILER_APPICON_NAME = AppIcon;
				INFOPLIST_FILE = "one-hundred-items/Info.plist";
				LD_RUNPATH_SEARCH_PATHS = "$(inherited) @executable_path/Frameworks";
				PRODUCT_BUNDLE_IDENTIFIER = "com.adrpadua.one-hundred-items";
				PRODUCT_NAME = "$(TARGET_NAME)";
			};
			name = Release;
		};
		A0E9AE7B1D30A4D500544CC8 /* Debug */ = {
			isa = XCBuildConfiguration;
			buildSettings = {
				BUNDLE_LOADER = "$(TEST_HOST)";
				INFOPLIST_FILE = "one-hundred-itemsTests/Info.plist";
				LD_RUNPATH_SEARCH_PATHS = "$(inherited) @executable_path/Frameworks @loader_path/Frameworks";
				PRODUCT_BUNDLE_IDENTIFIER = "com.adrpadua.one-hundred-itemsTests";
				PRODUCT_NAME = "$(TARGET_NAME)";
				TEST_HOST = "$(BUILT_PRODUCTS_DIR)/one-hundred-items.app/one-hundred-items";
			};
			name = Debug;
		};
		A0E9AE7C1D30A4D500544CC8 /* Release */ = {
			isa = XCBuildConfiguration;
			buildSettings = {
				BUNDLE_LOADER = "$(TEST_HOST)";
				INFOPLIST_FILE = "one-hundred-itemsTests/Info.plist";
				LD_RUNPATH_SEARCH_PATHS = "$(inherited) @executable_path/Frameworks @loader_path/Frameworks";
				PRODUCT_BUNDLE_IDENTIFIER = "com.adrpadua.one-hundred-itemsTests";
				PRODUCT_NAME = "$(TARGET_NAME)";
				TEST_HOST = "$(BUILT_PRODUCTS_DIR)/one-hundred-items.app/one-hundred-items";
			};
			name = Release;
		};
/* End XCBuildConfiguration section */

/* Begin XCConfigurationList section */
		A0E9AE551D30A4D500544CC8 /* Build configuration list for PBXProject "one-hundred-items" */ = {
			isa = XCConfigurationList;
			buildConfigurations = (
				A0E9AE751D30A4D500544CC8 /* Debug */,
				A0E9AE761D30A4D500544CC8 /* Release */,
			);
			defaultConfigurationIsVisible = 0;
			defaultConfigurationName = Release;
		};
		A0E9AE771D30A4D500544CC8 /* Build configuration list for PBXNativeTarget "one-hundred-items" */ = {
			isa = XCConfigurationList;
			buildConfigurations = (
				A0E9AE781D30A4D500544CC8 /* Debug */,
				A0E9AE791D30A4D500544CC8 /* Release */,
			);
			defaultConfigurationIsVisible = 0;
		};
		A0E9AE7A1D30A4D500544CC8 /* Build configuration list for PBXNativeTarget "one-hundred-itemsTests" */ = {
			isa = XCConfigurationList;
			buildConfigurations = (
				A0E9AE7B1D30A4D500544CC8 /* Debug */,
				A0E9AE7C1D30A4D500544CC8 /* Release */,
			);
			defaultConfigurationIsVisible = 0;
		};
/* End XCConfigurationList section */
	};
	rootObject = A0E9AE521D30A4D500544CC8 /* Project object */;
}
